
Microsoft Visual Studio Solution File, Format Version 12.00
# Visual Studio 15
VisualStudioVersion = 15.0.27130.2036
MinimumVisualStudioVersion = 10.0.40219.1
Project("{FAE04EC0-301F-11D3-BF4B-00C04F79EFBC}") = "homework2", "homework2\homework2.csproj", "{5985ABE1-F44F-4C5C-B348-BB32FF780D3A}"
EndProject
Global
	GlobalSection(SolutionConfigurationPlatforms) = preSolution
		Debug|Any CPU = Debug|Any CPU
		Release|Any CPU = Release|Any CPU
	EndGlobalSection
	GlobalSection(ProjectConfigurationPlatforms) = postSolution
		{5985ABE1-F44F-4C5C-B348-BB32FF780D3A}.Debug|Any CPU.ActiveCfg = Debug|Any CPU
		{5985ABE1-F44F-4C5C-B348-BB32FF780D3A}.Debug|Any CPU.Build.0 = Debug|Any CPU
		{5985ABE1-F44F-4C5C-B348-BB32FF780D3A}.Release|Any CPU.ActiveCfg = Release|Any CPU
		{5985ABE1-F44F-4C5C-B348-BB32FF780D3A}.Release|Any CPU.Build.0 = Release|Any CPU
	EndGlobalSection
	GlobalSection(SolutionProperties) = preSolution
		HideSolutionNode = FALSE
	EndGlobalSection
	GlobalSection(ExtensibilityGlobals) = postSolution
		SolutionGuid = {DB52EF9A-D751-4ECE-A69C-EBCB614390F3}
	EndGlobalSection
EndGlobal
