
Microsoft Visual Studio Solution File, Format Version 12.00
# Visual Studio 15
VisualStudioVersion = 15.0.27130.2036
MinimumVisualStudioVersion = 10.0.40219.1
Project("{FAE04EC0-301F-11D3-BF4B-00C04F79EFBC}") = "homework1", "homework1.csproj", "{D6068B67-6339-4982-8758-43D5FF0272A0}"
EndProject
Global
	GlobalSection(SolutionConfigurationPlatforms) = preSolution
		Debug|Any CPU = Debug|Any CPU
		Release|Any CPU = Release|Any CPU
	EndGlobalSection
	GlobalSection(ProjectConfigurationPlatforms) = postSolution
		{D6068B67-6339-4982-8758-43D5FF0272A0}.Debug|Any CPU.ActiveCfg = Debug|Any CPU
		{D6068B67-6339-4982-8758-43D5FF0272A0}.Debug|Any CPU.Build.0 = Debug|Any CPU
		{D6068B67-6339-4982-8758-43D5FF0272A0}.Release|Any CPU.ActiveCfg = Release|Any CPU
		{D6068B67-6339-4982-8758-43D5FF0272A0}.Release|Any CPU.Build.0 = Release|Any CPU
	EndGlobalSection
	GlobalSection(SolutionProperties) = preSolution
		HideSolutionNode = FALSE
	EndGlobalSection
	GlobalSection(ExtensibilityGlobals) = postSolution
		SolutionGuid = {C9E62D14-1728-4C74-879F-93EB7C227117}
	EndGlobalSection
EndGlobal
